// !$*UTF8*$!
{
	archiveVersion = 1;
	classes = {
	};
	objectVersion = 50;
	objects = {

/* Begin PBXBuildFile section */
		07822F6D239842DC001CDA18 /* AppDelegate.swift in Sources */ = {isa = PBXBuildFile; fileRef = 07822F6C239842DC001CDA18 /* AppDelegate.swift */; };
		07822F6F239842DC001CDA18 /* SceneDelegate.swift in Sources */ = {isa = PBXBuildFile; fileRef = 07822F6E239842DC001CDA18 /* SceneDelegate.swift */; };
		07822F71239842DC001CDA18 /* ViewController.swift in Sources */ = {isa = PBXBuildFile; fileRef = 07822F70239842DC001CDA18 /* ViewController.swift */; };
		07822F74239842DC001CDA18 /* Main.storyboard in Resources */ = {isa = PBXBuildFile; fileRef = 07822F72239842DC001CDA18 /* Main.storyboard */; };
		07822F77239842DC001CDA18 /* Giftatron.xcdatamodeld in Sources */ = {isa = PBXBuildFile; fileRef = 07822F75239842DC001CDA18 /* Giftatron.xcdatamodeld */; };
		07822F79239842DD001CDA18 /* Assets.xcassets in Resources */ = {isa = PBXBuildFile; fileRef = 07822F78239842DD001CDA18 /* Assets.xcassets */; };
		07822F7C239842DD001CDA18 /* LaunchScreen.storyboard in Resources */ = {isa = PBXBuildFile; fileRef = 07822F7A239842DD001CDA18 /* LaunchScreen.storyboard */; };
		07CA12D52419687F006A5A32 /* FifthViewController.swift in Sources */ = {isa = PBXBuildFile; fileRef = 07CA12D42419687E006A5A32 /* FifthViewController.swift */; };
		1480C2DC23A4188600292A97 /* firstQuestionViewController.swift in Sources */ = {isa = PBXBuildFile; fileRef = 1480C2DB23A4188600292A97 /* firstQuestionViewController.swift */; };
		1480C2DE23A418AB00292A97 /* SecondQuestionViewController.swift in Sources */ = {isa = PBXBuildFile; fileRef = 1480C2DD23A418AB00292A97 /* SecondQuestionViewController.swift */; };
		1480C2E023A418B900292A97 /* ThirdQuestionViewController.swift in Sources */ = {isa = PBXBuildFile; fileRef = 1480C2DF23A418B900292A97 /* ThirdQuestionViewController.swift */; };
		1480C2E223A418D400292A97 /* FourthQuestionViewController.swift in Sources */ = {isa = PBXBuildFile; fileRef = 1480C2E123A418D300292A97 /* FourthQuestionViewController.swift */; };
		14FDCF20239843BE00D596A7 /* Product.swift in Sources */ = {isa = PBXBuildFile; fileRef = 14FDCF1F239843BE00D596A7 /* Product.swift */; };
		5FDA92FC24181A040070772A /* ResultsViewController.swift in Sources */ = {isa = PBXBuildFile; fileRef = 14875F6E239995160045B89C /* ResultsViewController.swift */; };
		6252B34E2458FA280062BCCC /* Person.swift in Sources */ = {isa = PBXBuildFile; fileRef = 6252B34D2458FA280062BCCC /* Person.swift */; };
		6252B350245913370062BCCC /* ConfirmViewController.swift in Sources */ = {isa = PBXBuildFile; fileRef = 6252B34F245913370062BCCC /* ConfirmViewController.swift */; };
/* End PBXBuildFile section */

/* Begin PBXFileReference section */
		07822F69239842DC001CDA18 /* Giftatron.app */ = {isa = PBXFileReference; explicitFileType = wrapper.application; includeInIndex = 0; path = Giftatron.app; sourceTree = BUILT_PRODUCTS_DIR; };
		07822F6C239842DC001CDA18 /* AppDelegate.swift */ = {isa = PBXFileReference; lastKnownFileType = sourcecode.swift; path = AppDelegate.swift; sourceTree = "<group>"; };
		07822F6E239842DC001CDA18 /* SceneDelegate.swift */ = {isa = PBXFileReference; lastKnownFileType = sourcecode.swift; path = SceneDelegate.swift; sourceTree = "<group>"; };
		07822F70239842DC001CDA18 /* ViewController.swift */ = {isa = PBXFileReference; lastKnownFileType = sourcecode.swift; path = ViewController.swift; sourceTree = "<group>"; };
		07822F73239842DC001CDA18 /* Base */ = {isa = PBXFileReference; lastKnownFileType = file.storyboard; name = Base; path = Base.lproj/Main.storyboard; sourceTree = "<group>"; };
		07822F76239842DC001CDA18 /* Giftatron.xcdatamodel */ = {isa = PBXFileReference; lastKnownFileType = wrapper.xcdatamodel; path = Giftatron.xcdatamodel; sourceTree = "<group>"; };
		07822F78239842DD001CDA18 /* Assets.xcassets */ = {isa = PBXFileReference; lastKnownFileType = folder.assetcatalog; path = Assets.xcassets; sourceTree = "<group>"; };
		07822F7B239842DD001CDA18 /* Base */ = {isa = PBXFileReference; lastKnownFileType = file.storyboard; name = Base; path = Base.lproj/LaunchScreen.storyboard; sourceTree = "<group>"; };
		07822F7D239842DD001CDA18 /* Info.plist */ = {isa = PBXFileReference; lastKnownFileType = text.plist.xml; path = Info.plist; sourceTree = "<group>"; };
		07CA12D42419687E006A5A32 /* FifthViewController.swift */ = {isa = PBXFileReference; lastKnownFileType = sourcecode.swift; path = FifthViewController.swift; sourceTree = "<group>"; };
		1480C2DB23A4188600292A97 /* firstQuestionViewController.swift */ = {isa = PBXFileReference; lastKnownFileType = sourcecode.swift; path = firstQuestionViewController.swift; sourceTree = "<group>"; };
		1480C2DD23A418AB00292A97 /* SecondQuestionViewController.swift */ = {isa = PBXFileReference; lastKnownFileType = sourcecode.swift; lineEnding = 0; path = SecondQuestionViewController.swift; sourceTree = "<group>"; };
		1480C2DF23A418B900292A97 /* ThirdQuestionViewController.swift */ = {isa = PBXFileReference; lastKnownFileType = sourcecode.swift; path = ThirdQuestionViewController.swift; sourceTree = "<group>"; };
		1480C2E123A418D300292A97 /* FourthQuestionViewController.swift */ = {isa = PBXFileReference; lastKnownFileType = sourcecode.swift; path = FourthQuestionViewController.swift; sourceTree = "<group>"; };
		14875F6E239995160045B89C /* ResultsViewController.swift */ = {isa = PBXFileReference; lastKnownFileType = sourcecode.swift; path = ResultsViewController.swift; sourceTree = "<group>"; };
		14FDCF1F239843BE00D596A7 /* Product.swift */ = {isa = PBXFileReference; lastKnownFileType = sourcecode.swift; path = Product.swift; sourceTree = "<group>"; };
		6252B34D2458FA280062BCCC /* Person.swift */ = {isa = PBXFileReference; lastKnownFileType = sourcecode.swift; path = Person.swift; sourceTree = "<group>"; };
		6252B34F245913370062BCCC /* ConfirmViewController.swift */ = {isa = PBXFileReference; lastKnownFileType = sourcecode.swift; path = ConfirmViewController.swift; sourceTree = "<group>"; };
/* End PBXFileReference section */

/* Begin PBXFrameworksBuildPhase section */
		07822F66239842DC001CDA18 /* Frameworks */ = {
			isa = PBXFrameworksBuildPhase;
			buildActionMask = 2147483647;
			files = (
			);
			runOnlyForDeploymentPostprocessing = 0;
		};
/* End PBXFrameworksBuildPhase section */

/* Begin PBXGroup section */
		07822F60239842DC001CDA18 = {
			isa = PBXGroup;
			children = (
				07822F6B239842DC001CDA18 /* Giftatron */,
				07822F6A239842DC001CDA18 /* Products */,
			);
			sourceTree = "<group>";
		};
		07822F6A239842DC001CDA18 /* Products */ = {
			isa = PBXGroup;
			children = (
				07822F69239842DC001CDA18 /* Giftatron.app */,
			);
			name = Products;
			sourceTree = "<group>";
		};
		07822F6B239842DC001CDA18 /* Giftatron */ = {
			isa = PBXGroup;
			children = (
				07822F6C239842DC001CDA18 /* AppDelegate.swift */,
				07822F6E239842DC001CDA18 /* SceneDelegate.swift */,
				07822F72239842DC001CDA18 /* Main.storyboard */,
				14FDCF1F239843BE00D596A7 /* Product.swift */,
				6252B34D2458FA280062BCCC /* Person.swift */,
				07822F70239842DC001CDA18 /* ViewController.swift */,
				1480C2DB23A4188600292A97 /* firstQuestionViewController.swift */,
				1480C2DD23A418AB00292A97 /* SecondQuestionViewController.swift */,
				1480C2DF23A418B900292A97 /* ThirdQuestionViewController.swift */,
				1480C2E123A418D300292A97 /* FourthQuestionViewController.swift */,
				07CA12D42419687E006A5A32 /* FifthViewController.swift */,
				6252B34F245913370062BCCC /* ConfirmViewController.swift */,
				14875F6E239995160045B89C /* ResultsViewController.swift */,
				07822F78239842DD001CDA18 /* Assets.xcassets */,
				07822F7A239842DD001CDA18 /* LaunchScreen.storyboard */,
				07822F7D239842DD001CDA18 /* Info.plist */,
				07822F75239842DC001CDA18 /* Giftatron.xcdatamodeld */,
			);
			path = Giftatron;
			sourceTree = "<group>";
		};
/* End PBXGroup section */

/* Begin PBXNativeTarget section */
		07822F68239842DC001CDA18 /* Giftatron */ = {
			isa = PBXNativeTarget;
			buildConfigurationList = 07822F80239842DD001CDA18 /* Build configuration list for PBXNativeTarget "Giftatron" */;
			buildPhases = (
				07822F65239842DC001CDA18 /* Sources */,
				07822F66239842DC001CDA18 /* Frameworks */,
				07822F67239842DC001CDA18 /* Resources */,
			);
			buildRules = (
			);
			dependencies = (
			);
			name = Giftatron;
			productName = Giftatron;
			productReference = 07822F69239842DC001CDA18 /* Giftatron.app */;
			productType = "com.apple.product-type.application";
		};
/* End PBXNativeTarget section */

/* Begin PBXProject section */
		07822F61239842DC001CDA18 /* Project object */ = {
			isa = PBXProject;
			attributes = {
				LastSwiftUpdateCheck = 1110;
				LastUpgradeCheck = 1110;
				ORGANIZATIONNAME = "John Hersey High School";
				TargetAttributes = {
					07822F68239842DC001CDA18 = {
						CreatedOnToolsVersion = 11.1;
					};
				};
			};
			buildConfigurationList = 07822F64239842DC001CDA18 /* Build configuration list for PBXProject "Giftatron" */;
			compatibilityVersion = "Xcode 9.3";
			developmentRegion = en;
			hasScannedForEncodings = 0;
			knownRegions = (
				en,
				Base,
			);
			mainGroup = 07822F60239842DC001CDA18;
			productRefGroup = 07822F6A239842DC001CDA18 /* Products */;
			projectDirPath = "";
			projectRoot = "";
			targets = (
				07822F68239842DC001CDA18 /* Giftatron */,
			);
		};
/* End PBXProject section */

/* Begin PBXResourcesBuildPhase section */
		07822F67239842DC001CDA18 /* Resources */ = {
			isa = PBXResourcesBuildPhase;
			buildActionMask = 2147483647;
			files = (
				07822F7C239842DD001CDA18 /* LaunchScreen.storyboard in Resources */,
				07822F79239842DD001CDA18 /* Assets.xcassets in Resources */,
				07822F74239842DC001CDA18 /* Main.storyboard in Resources */,
			);
			runOnlyForDeploymentPostprocessing = 0;
		};
/* End PBXResourcesBuildPhase section */

/* Begin PBXSourcesBuildPhase section */
		07822F65239842DC001CDA18 /* Sources */ = {
			isa = PBXSourcesBuildPhase;
			buildActionMask = 2147483647;
			files = (
				1480C2DE23A418AB00292A97 /* SecondQuestionViewController.swift in Sources */,
				07822F77239842DC001CDA18 /* Giftatron.xcdatamodeld in Sources */,
				1480C2E223A418D400292A97 /* FourthQuestionViewController.swift in Sources */,
				6252B350245913370062BCCC /* ConfirmViewController.swift in Sources */,
				07CA12D52419687F006A5A32 /* FifthViewController.swift in Sources */,
				5FDA92FC24181A040070772A /* ResultsViewController.swift in Sources */,
				07822F71239842DC001CDA18 /* ViewController.swift in Sources */,
				6252B34E2458FA280062BCCC /* Person.swift in Sources */,
				1480C2E023A418B900292A97 /* ThirdQuestionViewController.swift in Sources */,
				14FDCF20239843BE00D596A7 /* Product.swift in Sources */,
				07822F6D239842DC001CDA18 /* AppDelegate.swift in Sources */,
				07822F6F239842DC001CDA18 /* SceneDelegate.swift in Sources */,
				1480C2DC23A4188600292A97 /* firstQuestionViewController.swift in Sources */,
			);
			runOnlyForDeploymentPostprocessing = 0;
		};
/* End PBXSourcesBuildPhase section */

/* Begin PBXVariantGroup section */
		07822F72239842DC001CDA18 /* Main.storyboard */ = {
			isa = PBXVariantGroup;
			children = (
				07822F73239842DC001CDA18 /* Base */,
			);
			name = Main.storyboard;
			sourceTree = "<group>";
		};
		07822F7A239842DD001CDA18 /* LaunchScreen.storyboard */ = {
			isa = PBXVariantGroup;
			children = (
				07822F7B239842DD001CDA18 /* Base */,
			);
			name = LaunchScreen.storyboard;
			sourceTree = "<group>";
		};
/* End PBXVariantGroup section */

/* Begin XCBuildConfiguration section */
		07822F7E239842DD001CDA18 /* Debug */ = {
			isa = XCBuildConfiguration;
			buildSettings = {
				ALWAYS_SEARCH_USER_PATHS = NO;
				CLANG_ANALYZER_NONNULL = YES;
				CLANG_ANALYZER_NUMBER_OBJECT_CONVERSION = YES_AGGRESSIVE;
				CLANG_CXX_LANGUAGE_STANDARD = "gnu++14";
				CLANG_CXX_LIBRARY = "libc++";
				CLANG_ENABLE_MODULES = YES;
				CLANG_ENABLE_OBJC_ARC = YES;
				CLANG_ENABLE_OBJC_WEAK = YES;
				CLANG_WARN_BLOCK_CAPTURE_AUTORELEASING = YES;
				CLANG_WARN_BOOL_CONVERSION = YES;
				CLANG_WARN_COMMA = YES;
				CLANG_WARN_CONSTANT_CONVERSION = YES;
				CLANG_WARN_DEPRECATED_OBJC_IMPLEMENTATIONS = YES;
				CLANG_WARN_DIRECT_OBJC_ISA_USAGE = YES_ERROR;
				CLANG_WARN_DOCUMENTATION_COMMENTS = YES;
				CLANG_WARN_EMPTY_BODY = YES;
				CLANG_WARN_ENUM_CONVERSION = YES;
				CLANG_WARN_INFINITE_RECURSION = YES;
				CLANG_WARN_INT_CONVERSION = YES;
				CLANG_WARN_NON_LITERAL_NULL_CONVERSION = YES;
				CLANG_WARN_OBJC_IMPLICIT_RETAIN_SELF = YES;
				CLANG_WARN_OBJC_LITERAL_CONVERSION = YES;
				CLANG_WARN_OBJC_ROOT_CLASS = YES_ERROR;
				CLANG_WARN_RANGE_LOOP_ANALYSIS = YES;
				CLANG_WARN_STRICT_PROTOTYPES = YES;
				CLANG_WARN_SUSPICIOUS_MOVE = YES;
				CLANG_WARN_UNGUARDED_AVAILABILITY = YES_AGGRESSIVE;
				CLANG_WARN_UNREACHABLE_CODE = YES;
				CLANG_WARN__DUPLICATE_METHOD_MATCH = YES;
				COPY_PHASE_STRIP = NO;
				DEBUG_INFORMATION_FORMAT = dwarf;
				ENABLE_STRICT_OBJC_MSGSEND = YES;
				ENABLE_TESTABILITY = YES;
				GCC_C_LANGUAGE_STANDARD = gnu11;
				GCC_DYNAMIC_NO_PIC = NO;
				GCC_NO_COMMON_BLOCKS = YES;
				GCC_OPTIMIZATION_LEVEL = 0;
				GCC_PREPROCESSOR_DEFINITIONS = (
					"DEBUG=1",
					"$(inherited)",
				);
				GCC_WARN_64_TO_32_BIT_CONVERSION = YES;
				GCC_WARN_ABOUT_RETURN_TYPE = YES_ERROR;
				GCC_WARN_UNDECLARED_SELECTOR = YES;
				GCC_WARN_UNINITIALIZED_AUTOS = YES_AGGRESSIVE;
				GCC_WARN_UNUSED_FUNCTION = YES;
				GCC_WARN_UNUSED_VARIABLE = YES;
				IPHONEOS_DEPLOYMENT_TARGET = 13.1;
				MTL_ENABLE_DEBUG_INFO = INCLUDE_SOURCE;
				MTL_FAST_MATH = YES;
				ONLY_ACTIVE_ARCH = YES;
				SDKROOT = iphoneos;
				SWIFT_ACTIVE_COMPILATION_CONDITIONS = DEBUG;
				SWIFT_OPTIMIZATION_LEVEL = "-Onone";
			};
			name = Debug;
		};
		07822F7F239842DD001CDA18 /* Release */ = {
			isa = XCBuildConfiguration;
			buildSettings = {
				ALWAYS_SEARCH_USER_PATHS = NO;
				CLANG_ANALYZER_NONNULL = YES;
				CLANG_ANALYZER_NUMBER_OBJECT_CONVERSION = YES_AGGRESSIVE;
				CLANG_CXX_LANGUAGE_STANDARD = "gnu++14";
				CLANG_CXX_LIBRARY = "libc++";
				CLANG_ENABLE_MODULES = YES;
				CLANG_ENABLE_OBJC_ARC = YES;
				CLANG_ENABLE_OBJC_WEAK = YES;
				CLANG_WARN_BLOCK_CAPTURE_AUTORELEASING = YES;
				CLANG_WARN_BOOL_CONVERSION = YES;
				CLANG_WARN_COMMA = YES;
				CLANG_WARN_CONSTANT_CONVERSION = YES;
				CLANG_WARN_DEPRECATED_OBJC_IMPLEMENTATIONS = YES;
				CLANG_WARN_DIRECT_OBJC_ISA_USAGE = YES_ERROR;
				CLANG_WARN_DOCUMENTATION_COMMENTS = YES;
				CLANG_WARN_EMPTY_BODY = YES;
				CLANG_WARN_ENUM_CONVERSION = YES;
				CLANG_WARN_INFINITE_RECURSION = YES;
				CLANG_WARN_INT_CONVERSION = YES;
				CLANG_WARN_NON_LITERAL_NULL_CONVERSION = YES;
				CLANG_WARN_OBJC_IMPLICIT_RETAIN_SELF = YES;
				CLANG_WARN_OBJC_LITERAL_CONVERSION = YES;
				CLANG_WARN_OBJC_ROOT_CLASS = YES_ERROR;
				CLANG_WARN_RANGE_LOOP_ANALYSIS = YES;
				CLANG_WARN_STRICT_PROTOTYPES = YES;
				CLANG_WARN_SUSPICIOUS_MOVE = YES;
				CLANG_WARN_UNGUARDED_AVAILABILITY = YES_AGGRESSIVE;
				CLANG_WARN_UNREACHABLE_CODE = YES;
				CLANG_WARN__DUPLICATE_METHOD_MATCH = YES;
				COPY_PHASE_STRIP = NO;
				DEBUG_INFORMATION_FORMAT = "dwarf-with-dsym";
				ENABLE_NS_ASSERTIONS = NO;
				ENABLE_STRICT_OBJC_MSGSEND = YES;
				GCC_C_LANGUAGE_STANDARD = gnu11;
				GCC_NO_COMMON_BLOCKS = YES;
				GCC_WARN_64_TO_32_BIT_CONVERSION = YES;
				GCC_WARN_ABOUT_RETURN_TYPE = YES_ERROR;
				GCC_WARN_UNDECLARED_SELECTOR = YES;
				GCC_WARN_UNINITIALIZED_AUTOS = YES_AGGRESSIVE;
				GCC_WARN_UNUSED_FUNCTION = YES;
				GCC_WARN_UNUSED_VARIABLE = YES;
				IPHONEOS_DEPLOYMENT_TARGET = 13.1;
				MTL_ENABLE_DEBUG_INFO = NO;
				MTL_FAST_MATH = YES;
				SDKROOT = iphoneos;
				SWIFT_COMPILATION_MODE = wholemodule;
				SWIFT_OPTIMIZATION_LEVEL = "-O";
				VALIDATE_PRODUCT = YES;
			};
			name = Release;
		};
		07822F81239842DD001CDA18 /* Debug */ = {
			isa = XCBuildConfiguration;
			buildSettings = {
				ASSETCATALOG_COMPILER_APPICON_NAME = AppIcon;
				CODE_SIGN_STYLE = Automatic;
				DEVELOPMENT_TEAM = U6BF7MZGAA;
				INFOPLIST_FILE = Giftatron/Info.plist;
				IPHONEOS_DEPLOYMENT_TARGET = 12.0;
				LD_RUNPATH_SEARCH_PATHS = (
					"$(inherited)",
					"@executable_path/Frameworks",
				);
				PRODUCT_BUNDLE_IDENTIFIER = org.d214.jhhs.621068.Giftatron;
				PRODUCT_NAME = "$(TARGET_NAME)";
				SWIFT_VERSION = 5.0;
				TARGETED_DEVICE_FAMILY = "1,2";
			};
			name = Debug;
		};
		07822F82239842DD001CDA18 /* Release */ = {
			isa = XCBuildConfiguration;
			buildSettings = {
				ASSETCATALOG_COMPILER_APPICON_NAME = AppIcon;
				CODE_SIGN_STYLE = Automatic;
				DEVELOPMENT_TEAM = U6BF7MZGAA;
				INFOPLIST_FILE = Giftatron/Info.plist;
				IPHONEOS_DEPLOYMENT_TARGET = 12.0;
				LD_RUNPATH_SEARCH_PATHS = (
					"$(inherited)",
					"@executable_path/Frameworks",
				);
				PRODUCT_BUNDLE_IDENTIFIER = org.d214.jhhs.621068.Giftatron;
				PRODUCT_NAME = "$(TARGET_NAME)";
				SWIFT_VERSION = 5.0;
				TARGETED_DEVICE_FAMILY = "1,2";
			};
			name = Release;
		};
/* End XCBuildConfiguration section */

/* Begin XCConfigurationList section */
		07822F64239842DC001CDA18 /* Build configuration list for PBXProject "Giftatron" */ = {
			isa = XCConfigurationList;
			buildConfigurations = (
				07822F7E239842DD001CDA18 /* Debug */,
				07822F7F239842DD001CDA18 /* Release */,
			);
			defaultConfigurationIsVisible = 0;
			defaultConfigurationName = Release;
		};
		07822F80239842DD001CDA18 /* Build configuration list for PBXNativeTarget "Giftatron" */ = {
			isa = XCConfigurationList;
			buildConfigurations = (
				07822F81239842DD001CDA18 /* Debug */,
				07822F82239842DD001CDA18 /* Release */,
			);
			defaultConfigurationIsVisible = 0;
			defaultConfigurationName = Release;
		};
/* End XCConfigurationList section */

/* Begin XCVersionGroup section */
		07822F75239842DC001CDA18 /* Giftatron.xcdatamodeld */ = {
			isa = XCVersionGroup;
			children = (
				07822F76239842DC001CDA18 /* Giftatron.xcdatamodel */,
			);
			currentVersion = 07822F76239842DC001CDA18 /* Giftatron.xcdatamodel */;
			path = Giftatron.xcdatamodeld;
			sourceTree = "<group>";
			versionGroupType = wrapper.xcdatamodel;
		};
/* End XCVersionGroup section */
	};
	rootObject = 07822F61239842DC001CDA18 /* Project object */;
}
